
Microsoft Visual Studio Solution File, Format Version 12.00
# Visual Studio 15
Project("{FAE04EC0-301F-11D3-BF4B-00C04F79EFBC}") = "UnityEngine.TestRunner", "UnityEngine.TestRunner.csproj", "{6DEFEB5C-5676-6419-CF11-AF8BB845C1E3}"
EndProject
Project("{FAE04EC0-301F-11D3-BF4B-00C04F79EFBC}") = "Unity.Mathematics", "Unity.Mathematics.csproj", "{ECE38CE7-BDC6-132B-F481-AF1F586C6FB2}"
EndProject
Project("{FAE04EC0-301F-11D3-BF4B-00C04F79EFBC}") = "Unity.2D.Animation.Triangle.Runtime", "Unity.2D.Animation.Triangle.Runtime.csproj", "{FF89BD99-7469-03E8-D9BD-107C0E442157}"
EndProject
Project("{FAE04EC0-301F-11D3-BF4B-00C04F79EFBC}") = "Unity.Timeline", "Unity.Timeline.csproj", "{E4A4B647-25CF-31F6-3711-15368CBC5B18}"
EndProject
Project("{FAE04EC0-301F-11D3-BF4B-00C04F79EFBC}") = "UnityEngine.UI", "UnityEngine.UI.csproj", "{0D8A33CB-3032-9BA8-846B-DA4702425913}"
EndProject
Project("{FAE04EC0-301F-11D3-BF4B-00C04F79EFBC}") = "Unity.TextMeshPro", "Unity.TextMeshPro.csproj", "{395BA9D1-8D73-8C5C-B6D5-49B5EA7B1759}"
EndProject
Project("{FAE04EC0-301F-11D3-BF4B-00C04F79EFBC}") = "Unity.2D.Animation.Runtime", "Unity.2D.Animation.Runtime.csproj", "{72176346-3EB9-B962-954C-A85D53F46258}"
EndProject
Project("{FAE04EC0-301F-11D3-BF4B-00C04F79EFBC}") = "Unity.2D.IK.Runtime", "Unity.2D.IK.Runtime.csproj", "{D1E25091-ABB7-A3FC-9217-FD027FB8515E}"
EndProject
Project("{FAE04EC0-301F-11D3-BF4B-00C04F79EFBC}") = "Unity.2D.SpriteShape.Runtime", "Unity.2D.SpriteShape.Runtime.csproj", "{38814255-7C3D-A0B9-52F7-4E05F2961A91}"
EndProject
Project("{FAE04EC0-301F-11D3-BF4B-00C04F79EFBC}") = "Assembly-CSharp", "Assembly-CSharp.csproj", "{7009B3A2-ADBA-6A9D-5C08-0E891984C152}"
EndProject
Project("{FAE04EC0-301F-11D3-BF4B-00C04F79EFBC}") = "Unity.2D.PixelPerfect", "Unity.2D.PixelPerfect.csproj", "{F679B0B0-1DD8-DA9D-91DA-2FC72869A7D0}"
EndProject
Project("{FAE04EC0-301F-11D3-BF4B-00C04F79EFBC}") = "Unity.2D.Common.Runtime", "Unity.2D.Common.Runtime.csproj", "{C2D3447A-135E-0FC1-0E33-582BB67429F5}"
EndProject
Project("{FAE04EC0-301F-11D3-BF4B-00C04F79EFBC}") = "Unity.InternalAPIEngineBridge.001", "Unity.InternalAPIEngineBridge.001.csproj", "{B222AB00-FD37-3721-FAE8-F889A2E9854E}"
EndProject
Project("{FAE04EC0-301F-11D3-BF4B-00C04F79EFBC}") = "UnityEditor.TestRunner", "UnityEditor.TestRunner.csproj", "{E94B72F6-CEF1-0126-E3F2-CE9EA5843E27}"
EndProject
Project("{FAE04EC0-301F-11D3-BF4B-00C04F79EFBC}") = "Unity.PlasticSCM.Editor", "Unity.PlasticSCM.Editor.csproj", "{0E1669E7-0388-8F32-310C-43129C995D1A}"
EndProject
Project("{FAE04EC0-301F-11D3-BF4B-00C04F79EFBC}") = "UnityEditor.UI", "UnityEditor.UI.csproj", "{968C7915-AE04-2AB7-7FC6-BA328264B234}"
EndProject
Project("{FAE04EC0-301F-11D3-BF4B-00C04F79EFBC}") = "Unity.Timeline.Editor", "Unity.Timeline.Editor.csproj", "{D3F9C4F1-D085-CE30-6963-A6BF7645E4BE}"
EndProject
Project("{FAE04EC0-301F-11D3-BF4B-00C04F79EFBC}") = "Unity.VisualStudio.Editor", "Unity.VisualStudio.Editor.csproj", "{1D89D9D3-2081-3298-5F09-4949B2A729D1}"
EndProject
Project("{FAE04EC0-301F-11D3-BF4B-00C04F79EFBC}") = "Unity.2D.Psdimporter.Editor", "Unity.2D.Psdimporter.Editor.csproj", "{3D6AE305-E074-D774-9C41-755BE5133A25}"
EndProject
Project("{FAE04EC0-301F-11D3-BF4B-00C04F79EFBC}") = "Unity.2D.Animation.Editor", "Unity.2D.Animation.Editor.csproj", "{BA8D5F7C-1831-90EF-87DA-A22E0A262065}"
EndProject
Project("{FAE04EC0-301F-11D3-BF4B-00C04F79EFBC}") = "Unity.TextMeshPro.Editor", "Unity.TextMeshPro.Editor.csproj", "{A922D907-5976-318D-3134-772BCA42E000}"
EndProject
Project("{FAE04EC0-301F-11D3-BF4B-00C04F79EFBC}") = "Unity.2D.SpriteShape.Editor", "Unity.2D.SpriteShape.Editor.csproj", "{D1D3E997-00D7-866E-6E95-EBB77ACAD615}"
EndProject
Project("{FAE04EC0-301F-11D3-BF4B-00C04F79EFBC}") = "Unity.CollabProxy.Editor", "Unity.CollabProxy.Editor.csproj", "{B0ABF1C5-81BC-608C-BE74-CD206CB156A6}"
EndProject
Project("{FAE04EC0-301F-11D3-BF4B-00C04F79EFBC}") = "PsdPlugin", "PsdPlugin.csproj", "{05503DC6-5858-F4F9-10B1-E85695595D93}"
EndProject
Project("{FAE04EC0-301F-11D3-BF4B-00C04F79EFBC}") = "Unity.2D.Path.Editor", "Unity.2D.Path.Editor.csproj", "{2B2342D3-03D7-7E96-179F-CA6D9487AC4E}"
EndProject
Project("{FAE04EC0-301F-11D3-BF4B-00C04F79EFBC}") = "Unity.Rider.Editor", "Unity.Rider.Editor.csproj", "{5A3D0509-188E-6AC3-C3FF-288F9DFE3E0F}"
EndProject
Project("{FAE04EC0-301F-11D3-BF4B-00C04F79EFBC}") = "Unity.2D.IK.Editor", "Unity.2D.IK.Editor.csproj", "{86B58796-4ABF-B703-74A6-C4CD38926B79}"
EndProject
Project("{FAE04EC0-301F-11D3-BF4B-00C04F79EFBC}") = "Unity.2D.Sprite.Editor", "Unity.2D.Sprite.Editor.csproj", "{7DA414C8-3D28-6F90-E3E7-37FFF2B1F31B}"
EndProject
Project("{FAE04EC0-301F-11D3-BF4B-00C04F79EFBC}") = "Unity.2D.Tilemap.Editor", "Unity.2D.Tilemap.Editor.csproj", "{AF672553-0EEB-096D-4603-37185A437121}"
EndProject
Project("{FAE04EC0-301F-11D3-BF4B-00C04F79EFBC}") = "Unity.2D.PixelPerfect.Editor", "Unity.2D.PixelPerfect.Editor.csproj", "{CD8FAB91-4E08-18ED-0117-514F069F82BA}"
EndProject
Project("{FAE04EC0-301F-11D3-BF4B-00C04F79EFBC}") = "Unity.VSCode.Editor", "Unity.VSCode.Editor.csproj", "{1CD055C2-213A-A338-13C2-1C1A92F8BD6C}"
EndProject
Project("{FAE04EC0-301F-11D3-BF4B-00C04F79EFBC}") = "Unity.2D.Common.Editor", "Unity.2D.Common.Editor.csproj", "{4E5060DD-B811-F16C-6541-3ED430BB52F0}"
EndProject
Project("{FAE04EC0-301F-11D3-BF4B-00C04F79EFBC}") = "Unity.Mathematics.Editor", "Unity.Mathematics.Editor.csproj", "{B0614836-B772-8955-77BF-A58DC7047786}"
EndProject
Project("{FAE04EC0-301F-11D3-BF4B-00C04F79EFBC}") = "Unity.InternalAPIEditorBridge.001", "Unity.InternalAPIEditorBridge.001.csproj", "{520E3FF9-82DD-EE99-98D3-4A1002959FD2}"
EndProject
Project("{FAE04EC0-301F-11D3-BF4B-00C04F79EFBC}") = "UnityEngine.TestRunner", "UnityEngine.TestRunner.Player.csproj", "{18C02E2D-0C1C-A508-5574-879F31407778}"
EndProject
Project("{FAE04EC0-301F-11D3-BF4B-00C04F79EFBC}") = "Unity.Mathematics", "Unity.Mathematics.Player.csproj", "{15E36426-4B4E-9BB7-ABA2-9B1BAFD23F18}"
EndProject
Project("{FAE04EC0-301F-11D3-BF4B-00C04F79EFBC}") = "Unity.2D.Animation.Triangle.Runtime", "Unity.2D.Animation.Triangle.Runtime.Player.csproj", "{1C55838E-1BC9-F9C5-2281-48B4560C0241}"
EndProject
Project("{FAE04EC0-301F-11D3-BF4B-00C04F79EFBC}") = "Unity.Timeline", "Unity.Timeline.Player.csproj", "{4A94BE2C-D096-8DAA-9B4B-E3EB9B710433}"
EndProject
Project("{FAE04EC0-301F-11D3-BF4B-00C04F79EFBC}") = "UnityEngine.UI", "UnityEngine.UI.Player.csproj", "{ABC99191-511D-7EED-FF5D-6553F1F496ED}"
EndProject
Project("{FAE04EC0-301F-11D3-BF4B-00C04F79EFBC}") = "Unity.TextMeshPro", "Unity.TextMeshPro.Player.csproj", "{AC50E47A-CD74-4085-B3B8-E0AD67D5926A}"
EndProject
Project("{FAE04EC0-301F-11D3-BF4B-00C04F79EFBC}") = "Unity.2D.Animation.Runtime", "Unity.2D.Animation.Runtime.Player.csproj", "{933363C1-0B3D-560A-CC80-C20778D7FC5F}"
EndProject
Project("{FAE04EC0-301F-11D3-BF4B-00C04F79EFBC}") = "Unity.2D.IK.Runtime", "Unity.2D.IK.Runtime.Player.csproj", "{A8A0789B-7432-6EBB-25FD-9E590E40C984}"
EndProject
Project("{FAE04EC0-301F-11D3-BF4B-00C04F79EFBC}") = "Unity.2D.SpriteShape.Runtime", "Unity.2D.SpriteShape.Runtime.Player.csproj", "{1A9D93FB-A6FD-3F3A-3490-C303A86DF86A}"
EndProject
Project("{FAE04EC0-301F-11D3-BF4B-00C04F79EFBC}") = "Assembly-CSharp", "Assembly-CSharp.Player.csproj", "{4EE5CEA2-0726-F45D-A9A7-F521C0A137E7}"
EndProject
Project("{FAE04EC0-301F-11D3-BF4B-00C04F79EFBC}") = "Unity.2D.PixelPerfect", "Unity.2D.PixelPerfect.Player.csproj", "{12B0D9BD-3A2C-A5EE-C2C7-85248F0B39D3}"
EndProject
Project("{FAE04EC0-301F-11D3-BF4B-00C04F79EFBC}") = "Unity.2D.Common.Runtime", "Unity.2D.Common.Runtime.Player.csproj", "{1D722BCD-1FBC-5162-2430-EEF07B2EFAC9}"
EndProject
Project("{FAE04EC0-301F-11D3-BF4B-00C04F79EFBC}") = "Unity.InternalAPIEngineBridge.001", "Unity.InternalAPIEngineBridge.001.Player.csproj", "{F64D0E81-1F06-AF3B-7E07-D401F569C909}"
EndProject
Global
	GlobalSection(SolutionConfigurationPlatforms) = preSolution
		Debug|Any CPU = Debug|Any CPU
		Release|Any CPU = Release|Any CPU
	EndGlobalSection
	GlobalSection(ProjectConfigurationPlatforms) = postSolution
		{6DEFEB5C-5676-6419-CF11-AF8BB845C1E3}.Debug|Any CPU.ActiveCfg = Debug|Any CPU
		{6DEFEB5C-5676-6419-CF11-AF8BB845C1E3}.Debug|Any CPU.Build.0 = Debug|Any CPU
		{6DEFEB5C-5676-6419-CF11-AF8BB845C1E3}.Release|Any CPU.ActiveCfg = Release|Any CPU
		{6DEFEB5C-5676-6419-CF11-AF8BB845C1E3}.Release|Any CPU.Build.0 = Release|Any CPU
		{ECE38CE7-BDC6-132B-F481-AF1F586C6FB2}.Debug|Any CPU.ActiveCfg = Debug|Any CPU
		{ECE38CE7-BDC6-132B-F481-AF1F586C6FB2}.Debug|Any CPU.Build.0 = Debug|Any CPU
		{ECE38CE7-BDC6-132B-F481-AF1F586C6FB2}.Release|Any CPU.ActiveCfg = Release|Any CPU
		{ECE38CE7-BDC6-132B-F481-AF1F586C6FB2}.Release|Any CPU.Build.0 = Release|Any CPU
		{FF89BD99-7469-03E8-D9BD-107C0E442157}.Debug|Any CPU.ActiveCfg = Debug|Any CPU
		{FF89BD99-7469-03E8-D9BD-107C0E442157}.Debug|Any CPU.Build.0 = Debug|Any CPU
		{FF89BD99-7469-03E8-D9BD-107C0E442157}.Release|Any CPU.ActiveCfg = Release|Any CPU
		{FF89BD99-7469-03E8-D9BD-107C0E442157}.Release|Any CPU.Build.0 = Release|Any CPU
		{E4A4B647-25CF-31F6-3711-15368CBC5B18}.Debug|Any CPU.ActiveCfg = Debug|Any CPU
		{E4A4B647-25CF-31F6-3711-15368CBC5B18}.Debug|Any CPU.Build.0 = Debug|Any CPU
		{E4A4B647-25CF-31F6-3711-15368CBC5B18}.Release|Any CPU.ActiveCfg = Release|Any CPU
		{E4A4B647-25CF-31F6-3711-15368CBC5B18}.Release|Any CPU.Build.0 = Release|Any CPU
		{0D8A33CB-3032-9BA8-846B-DA4702425913}.Debug|Any CPU.ActiveCfg = Debug|Any CPU
		{0D8A33CB-3032-9BA8-846B-DA4702425913}.Debug|Any CPU.Build.0 = Debug|Any CPU
		{0D8A33CB-3032-9BA8-846B-DA4702425913}.Release|Any CPU.ActiveCfg = Release|Any CPU
		{0D8A33CB-3032-9BA8-846B-DA4702425913}.Release|Any CPU.Build.0 = Release|Any CPU
		{395BA9D1-8D73-8C5C-B6D5-49B5EA7B1759}.Debug|Any CPU.ActiveCfg = Debug|Any CPU
		{395BA9D1-8D73-8C5C-B6D5-49B5EA7B1759}.Debug|Any CPU.Build.0 = Debug|Any CPU
		{395BA9D1-8D73-8C5C-B6D5-49B5EA7B1759}.Release|Any CPU.ActiveCfg = Release|Any CPU
		{395BA9D1-8D73-8C5C-B6D5-49B5EA7B1759}.Release|Any CPU.Build.0 = Release|Any CPU
		{72176346-3EB9-B962-954C-A85D53F46258}.Debug|Any CPU.ActiveCfg = Debug|Any CPU
		{72176346-3EB9-B962-954C-A85D53F46258}.Debug|Any CPU.Build.0 = Debug|Any CPU
		{72176346-3EB9-B962-954C-A85D53F46258}.Release|Any CPU.ActiveCfg = Release|Any CPU
		{72176346-3EB9-B962-954C-A85D53F46258}.Release|Any CPU.Build.0 = Release|Any CPU
		{D1E25091-ABB7-A3FC-9217-FD027FB8515E}.Debug|Any CPU.ActiveCfg = Debug|Any CPU
		{D1E25091-ABB7-A3FC-9217-FD027FB8515E}.Debug|Any CPU.Build.0 = Debug|Any CPU
		{D1E25091-ABB7-A3FC-9217-FD027FB8515E}.Release|Any CPU.ActiveCfg = Release|Any CPU
		{D1E25091-ABB7-A3FC-9217-FD027FB8515E}.Release|Any CPU.Build.0 = Release|Any CPU
		{38814255-7C3D-A0B9-52F7-4E05F2961A91}.Debug|Any CPU.ActiveCfg = Debug|Any CPU
		{38814255-7C3D-A0B9-52F7-4E05F2961A91}.Debug|Any CPU.Build.0 = Debug|Any CPU
		{38814255-7C3D-A0B9-52F7-4E05F2961A91}.Release|Any CPU.ActiveCfg = Release|Any CPU
		{38814255-7C3D-A0B9-52F7-4E05F2961A91}.Release|Any CPU.Build.0 = Release|Any CPU
		{7009B3A2-ADBA-6A9D-5C08-0E891984C152}.Debug|Any CPU.ActiveCfg = Debug|Any CPU
		{7009B3A2-ADBA-6A9D-5C08-0E891984C152}.Debug|Any CPU.Build.0 = Debug|Any CPU
		{7009B3A2-ADBA-6A9D-5C08-0E891984C152}.Release|Any CPU.ActiveCfg = Release|Any CPU
		{7009B3A2-ADBA-6A9D-5C08-0E891984C152}.Release|Any CPU.Build.0 = Release|Any CPU
		{F679B0B0-1DD8-DA9D-91DA-2FC72869A7D0}.Debug|Any CPU.ActiveCfg = Debug|Any CPU
		{F679B0B0-1DD8-DA9D-91DA-2FC72869A7D0}.Debug|Any CPU.Build.0 = Debug|Any CPU
		{F679B0B0-1DD8-DA9D-91DA-2FC72869A7D0}.Release|Any CPU.ActiveCfg = Release|Any CPU
		{F679B0B0-1DD8-DA9D-91DA-2FC72869A7D0}.Release|Any CPU.Build.0 = Release|Any CPU
		{C2D3447A-135E-0FC1-0E33-582BB67429F5}.Debug|Any CPU.ActiveCfg = Debug|Any CPU
		{C2D3447A-135E-0FC1-0E33-582BB67429F5}.Debug|Any CPU.Build.0 = Debug|Any CPU
		{C2D3447A-135E-0FC1-0E33-582BB67429F5}.Release|Any CPU.ActiveCfg = Release|Any CPU
		{C2D3447A-135E-0FC1-0E33-582BB67429F5}.Release|Any CPU.Build.0 = Release|Any CPU
		{B222AB00-FD37-3721-FAE8-F889A2E9854E}.Debug|Any CPU.ActiveCfg = Debug|Any CPU
		{B222AB00-FD37-3721-FAE8-F889A2E9854E}.Debug|Any CPU.Build.0 = Debug|Any CPU
		{B222AB00-FD37-3721-FAE8-F889A2E9854E}.Release|Any CPU.ActiveCfg = Release|Any CPU
		{B222AB00-FD37-3721-FAE8-F889A2E9854E}.Release|Any CPU.Build.0 = Release|Any CPU
		{E94B72F6-CEF1-0126-E3F2-CE9EA5843E27}.Debug|Any CPU.ActiveCfg = Debug|Any CPU
		{E94B72F6-CEF1-0126-E3F2-CE9EA5843E27}.Debug|Any CPU.Build.0 = Debug|Any CPU
		{E94B72F6-CEF1-0126-E3F2-CE9EA5843E27}.Release|Any CPU.ActiveCfg = Release|Any CPU
		{E94B72F6-CEF1-0126-E3F2-CE9EA5843E27}.Release|Any CPU.Build.0 = Release|Any CPU
		{0E1669E7-0388-8F32-310C-43129C995D1A}.Debug|Any CPU.ActiveCfg = Debug|Any CPU
		{0E1669E7-0388-8F32-310C-43129C995D1A}.Debug|Any CPU.Build.0 = Debug|Any CPU
		{0E1669E7-0388-8F32-310C-43129C995D1A}.Release|Any CPU.ActiveCfg = Release|Any CPU
		{0E1669E7-0388-8F32-310C-43129C995D1A}.Release|Any CPU.Build.0 = Release|Any CPU
		{968C7915-AE04-2AB7-7FC6-BA328264B234}.Debug|Any CPU.ActiveCfg = Debug|Any CPU
		{968C7915-AE04-2AB7-7FC6-BA328264B234}.Debug|Any CPU.Build.0 = Debug|Any CPU
		{968C7915-AE04-2AB7-7FC6-BA328264B234}.Release|Any CPU.ActiveCfg = Release|Any CPU
		{968C7915-AE04-2AB7-7FC6-BA328264B234}.Release|Any CPU.Build.0 = Release|Any CPU
		{D3F9C4F1-D085-CE30-6963-A6BF7645E4BE}.Debug|Any CPU.ActiveCfg = Debug|Any CPU
		{D3F9C4F1-D085-CE30-6963-A6BF7645E4BE}.Debug|Any CPU.Build.0 = Debug|Any CPU
		{D3F9C4F1-D085-CE30-6963-A6BF7645E4BE}.Release|Any CPU.ActiveCfg = Release|Any CPU
		{D3F9C4F1-D085-CE30-6963-A6BF7645E4BE}.Release|Any CPU.Build.0 = Release|Any CPU
		{1D89D9D3-2081-3298-5F09-4949B2A729D1}.Debug|Any CPU.ActiveCfg = Debug|Any CPU
		{1D89D9D3-2081-3298-5F09-4949B2A729D1}.Debug|Any CPU.Build.0 = Debug|Any CPU
		{1D89D9D3-2081-3298-5F09-4949B2A729D1}.Release|Any CPU.ActiveCfg = Release|Any CPU
		{1D89D9D3-2081-3298-5F09-4949B2A729D1}.Release|Any CPU.Build.0 = Release|Any CPU
		{3D6AE305-E074-D774-9C41-755BE5133A25}.Debug|Any CPU.ActiveCfg = Debug|Any CPU
		{3D6AE305-E074-D774-9C41-755BE5133A25}.Debug|Any CPU.Build.0 = Debug|Any CPU
		{3D6AE305-E074-D774-9C41-755BE5133A25}.Release|Any CPU.ActiveCfg = Release|Any CPU
		{3D6AE305-E074-D774-9C41-755BE5133A25}.Release|Any CPU.Build.0 = Release|Any CPU
		{BA8D5F7C-1831-90EF-87DA-A22E0A262065}.Debug|Any CPU.ActiveCfg = Debug|Any CPU
		{BA8D5F7C-1831-90EF-87DA-A22E0A262065}.Debug|Any CPU.Build.0 = Debug|Any CPU
		{BA8D5F7C-1831-90EF-87DA-A22E0A262065}.Release|Any CPU.ActiveCfg = Release|Any CPU
		{BA8D5F7C-1831-90EF-87DA-A22E0A262065}.Release|Any CPU.Build.0 = Release|Any CPU
		{A922D907-5976-318D-3134-772BCA42E000}.Debug|Any CPU.ActiveCfg = Debug|Any CPU
		{A922D907-5976-318D-3134-772BCA42E000}.Debug|Any CPU.Build.0 = Debug|Any CPU
		{A922D907-5976-318D-3134-772BCA42E000}.Release|Any CPU.ActiveCfg = Release|Any CPU
		{A922D907-5976-318D-3134-772BCA42E000}.Release|Any CPU.Build.0 = Release|Any CPU
		{D1D3E997-00D7-866E-6E95-EBB77ACAD615}.Debug|Any CPU.ActiveCfg = Debug|Any CPU
		{D1D3E997-00D7-866E-6E95-EBB77ACAD615}.Debug|Any CPU.Build.0 = Debug|Any CPU
		{D1D3E997-00D7-866E-6E95-EBB77ACAD615}.Release|Any CPU.ActiveCfg = Release|Any CPU
		{D1D3E997-00D7-866E-6E95-EBB77ACAD615}.Release|Any CPU.Build.0 = Release|Any CPU
		{B0ABF1C5-81BC-608C-BE74-CD206CB156A6}.Debug|Any CPU.ActiveCfg = Debug|Any CPU
		{B0ABF1C5-81BC-608C-BE74-CD206CB156A6}.Debug|Any CPU.Build.0 = Debug|Any CPU
		{B0ABF1C5-81BC-608C-BE74-CD206CB156A6}.Release|Any CPU.ActiveCfg = Release|Any CPU
		{B0ABF1C5-81BC-608C-BE74-CD206CB156A6}.Release|Any CPU.Build.0 = Release|Any CPU
		{05503DC6-5858-F4F9-10B1-E85695595D93}.Debug|Any CPU.ActiveCfg = Debug|Any CPU
		{05503DC6-5858-F4F9-10B1-E85695595D93}.Debug|Any CPU.Build.0 = Debug|Any CPU
		{05503DC6-5858-F4F9-10B1-E85695595D93}.Release|Any CPU.ActiveCfg = Release|Any CPU
		{05503DC6-5858-F4F9-10B1-E85695595D93}.Release|Any CPU.Build.0 = Release|Any CPU
		{2B2342D3-03D7-7E96-179F-CA6D9487AC4E}.Debug|Any CPU.ActiveCfg = Debug|Any CPU
		{2B2342D3-03D7-7E96-179F-CA6D9487AC4E}.Debug|Any CPU.Build.0 = Debug|Any CPU
		{2B2342D3-03D7-7E96-179F-CA6D9487AC4E}.Release|Any CPU.ActiveCfg = Release|Any CPU
		{2B2342D3-03D7-7E96-179F-CA6D9487AC4E}.Release|Any CPU.Build.0 = Release|Any CPU
		{5A3D0509-188E-6AC3-C3FF-288F9DFE3E0F}.Debug|Any CPU.ActiveCfg = Debug|Any CPU
		{5A3D0509-188E-6AC3-C3FF-288F9DFE3E0F}.Debug|Any CPU.Build.0 = Debug|Any CPU
		{5A3D0509-188E-6AC3-C3FF-288F9DFE3E0F}.Release|Any CPU.ActiveCfg = Release|Any CPU
		{5A3D0509-188E-6AC3-C3FF-288F9DFE3E0F}.Release|Any CPU.Build.0 = Release|Any CPU
		{86B58796-4ABF-B703-74A6-C4CD38926B79}.Debug|Any CPU.ActiveCfg = Debug|Any CPU
		{86B58796-4ABF-B703-74A6-C4CD38926B79}.Debug|Any CPU.Build.0 = Debug|Any CPU
		{86B58796-4ABF-B703-74A6-C4CD38926B79}.Release|Any CPU.ActiveCfg = Release|Any CPU
		{86B58796-4ABF-B703-74A6-C4CD38926B79}.Release|Any CPU.Build.0 = Release|Any CPU
		{7DA414C8-3D28-6F90-E3E7-37FFF2B1F31B}.Debug|Any CPU.ActiveCfg = Debug|Any CPU
		{7DA414C8-3D28-6F90-E3E7-37FFF2B1F31B}.Debug|Any CPU.Build.0 = Debug|Any CPU
		{7DA414C8-3D28-6F90-E3E7-37FFF2B1F31B}.Release|Any CPU.ActiveCfg = Release|Any CPU
		{7DA414C8-3D28-6F90-E3E7-37FFF2B1F31B}.Release|Any CPU.Build.0 = Release|Any CPU
		{AF672553-0EEB-096D-4603-37185A437121}.Debug|Any CPU.ActiveCfg = Debug|Any CPU
		{AF672553-0EEB-096D-4603-37185A437121}.Debug|Any CPU.Build.0 = Debug|Any CPU
		{AF672553-0EEB-096D-4603-37185A437121}.Release|Any CPU.ActiveCfg = Release|Any CPU
		{AF672553-0EEB-096D-4603-37185A437121}.Release|Any CPU.Build.0 = Release|Any CPU
		{CD8FAB91-4E08-18ED-0117-514F069F82BA}.Debug|Any CPU.ActiveCfg = Debug|Any CPU
		{CD8FAB91-4E08-18ED-0117-514F069F82BA}.Debug|Any CPU.Build.0 = Debug|Any CPU
		{CD8FAB91-4E08-18ED-0117-514F069F82BA}.Release|Any CPU.ActiveCfg = Release|Any CPU
		{CD8FAB91-4E08-18ED-0117-514F069F82BA}.Release|Any CPU.Build.0 = Release|Any CPU
		{1CD055C2-213A-A338-13C2-1C1A92F8BD6C}.Debug|Any CPU.ActiveCfg = Debug|Any CPU
		{1CD055C2-213A-A338-13C2-1C1A92F8BD6C}.Debug|Any CPU.Build.0 = Debug|Any CPU
		{1CD055C2-213A-A338-13C2-1C1A92F8BD6C}.Release|Any CPU.ActiveCfg = Release|Any CPU
		{1CD055C2-213A-A338-13C2-1C1A92F8BD6C}.Release|Any CPU.Build.0 = Release|Any CPU
		{4E5060DD-B811-F16C-6541-3ED430BB52F0}.Debug|Any CPU.ActiveCfg = Debug|Any CPU
		{4E5060DD-B811-F16C-6541-3ED430BB52F0}.Debug|Any CPU.Build.0 = Debug|Any CPU
		{4E5060DD-B811-F16C-6541-3ED430BB52F0}.Release|Any CPU.ActiveCfg = Release|Any CPU
		{4E5060DD-B811-F16C-6541-3ED430BB52F0}.Release|Any CPU.Build.0 = Release|Any CPU
		{B0614836-B772-8955-77BF-A58DC7047786}.Debug|Any CPU.ActiveCfg = Debug|Any CPU
		{B0614836-B772-8955-77BF-A58DC7047786}.Debug|Any CPU.Build.0 = Debug|Any CPU
		{B0614836-B772-8955-77BF-A58DC7047786}.Release|Any CPU.ActiveCfg = Release|Any CPU
		{B0614836-B772-8955-77BF-A58DC7047786}.Release|Any CPU.Build.0 = Release|Any CPU
		{520E3FF9-82DD-EE99-98D3-4A1002959FD2}.Debug|Any CPU.ActiveCfg = Debug|Any CPU
		{520E3FF9-82DD-EE99-98D3-4A1002959FD2}.Debug|Any CPU.Build.0 = Debug|Any CPU
		{520E3FF9-82DD-EE99-98D3-4A1002959FD2}.Release|Any CPU.ActiveCfg = Release|Any CPU
		{520E3FF9-82DD-EE99-98D3-4A1002959FD2}.Release|Any CPU.Build.0 = Release|Any CPU
		{18C02E2D-0C1C-A508-5574-879F31407778}.Debug|Any CPU.ActiveCfg = Debug|Any CPU
		{18C02E2D-0C1C-A508-5574-879F31407778}.Debug|Any CPU.Build.0 = Debug|Any CPU
		{18C02E2D-0C1C-A508-5574-879F31407778}.Release|Any CPU.ActiveCfg = Release|Any CPU
		{18C02E2D-0C1C-A508-5574-879F31407778}.Release|Any CPU.Build.0 = Release|Any CPU
		{15E36426-4B4E-9BB7-ABA2-9B1BAFD23F18}.Debug|Any CPU.ActiveCfg = Debug|Any CPU
		{15E36426-4B4E-9BB7-ABA2-9B1BAFD23F18}.Debug|Any CPU.Build.0 = Debug|Any CPU
		{15E36426-4B4E-9BB7-ABA2-9B1BAFD23F18}.Release|Any CPU.ActiveCfg = Release|Any CPU
		{15E36426-4B4E-9BB7-ABA2-9B1BAFD23F18}.Release|Any CPU.Build.0 = Release|Any CPU
		{1C55838E-1BC9-F9C5-2281-48B4560C0241}.Debug|Any CPU.ActiveCfg = Debug|Any CPU
		{1C55838E-1BC9-F9C5-2281-48B4560C0241}.Debug|Any CPU.Build.0 = Debug|Any CPU
		{1C55838E-1BC9-F9C5-2281-48B4560C0241}.Release|Any CPU.ActiveCfg = Release|Any CPU
		{1C55838E-1BC9-F9C5-2281-48B4560C0241}.Release|Any CPU.Build.0 = Release|Any CPU
		{4A94BE2C-D096-8DAA-9B4B-E3EB9B710433}.Debug|Any CPU.ActiveCfg = Debug|Any CPU
		{4A94BE2C-D096-8DAA-9B4B-E3EB9B710433}.Debug|Any CPU.Build.0 = Debug|Any CPU
		{4A94BE2C-D096-8DAA-9B4B-E3EB9B710433}.Release|Any CPU.ActiveCfg = Release|Any CPU
		{4A94BE2C-D096-8DAA-9B4B-E3EB9B710433}.Release|Any CPU.Build.0 = Release|Any CPU
		{ABC99191-511D-7EED-FF5D-6553F1F496ED}.Debug|Any CPU.ActiveCfg = Debug|Any CPU
		{ABC99191-511D-7EED-FF5D-6553F1F496ED}.Debug|Any CPU.Build.0 = Debug|Any CPU
		{ABC99191-511D-7EED-FF5D-6553F1F496ED}.Release|Any CPU.ActiveCfg = Release|Any CPU
		{ABC99191-511D-7EED-FF5D-6553F1F496ED}.Release|Any CPU.Build.0 = Release|Any CPU
		{AC50E47A-CD74-4085-B3B8-E0AD67D5926A}.Debug|Any CPU.ActiveCfg = Debug|Any CPU
		{AC50E47A-CD74-4085-B3B8-E0AD67D5926A}.Debug|Any CPU.Build.0 = Debug|Any CPU
		{AC50E47A-CD74-4085-B3B8-E0AD67D5926A}.Release|Any CPU.ActiveCfg = Release|Any CPU
		{AC50E47A-CD74-4085-B3B8-E0AD67D5926A}.Release|Any CPU.Build.0 = Release|Any CPU
		{933363C1-0B3D-560A-CC80-C20778D7FC5F}.Debug|Any CPU.ActiveCfg = Debug|Any CPU
		{933363C1-0B3D-560A-CC80-C20778D7FC5F}.Debug|Any CPU.Build.0 = Debug|Any CPU
		{933363C1-0B3D-560A-CC80-C20778D7FC5F}.Release|Any CPU.ActiveCfg = Release|Any CPU
		{933363C1-0B3D-560A-CC80-C20778D7FC5F}.Release|Any CPU.Build.0 = Release|Any CPU
		{A8A0789B-7432-6EBB-25FD-9E590E40C984}.Debug|Any CPU.ActiveCfg = Debug|Any CPU
		{A8A0789B-7432-6EBB-25FD-9E590E40C984}.Debug|Any CPU.Build.0 = Debug|Any CPU
		{A8A0789B-7432-6EBB-25FD-9E590E40C984}.Release|Any CPU.ActiveCfg = Release|Any CPU
		{A8A0789B-7432-6EBB-25FD-9E590E40C984}.Release|Any CPU.Build.0 = Release|Any CPU
		{1A9D93FB-A6FD-3F3A-3490-C303A86DF86A}.Debug|Any CPU.ActiveCfg = Debug|Any CPU
		{1A9D93FB-A6FD-3F3A-3490-C303A86DF86A}.Debug|Any CPU.Build.0 = Debug|Any CPU
		{1A9D93FB-A6FD-3F3A-3490-C303A86DF86A}.Release|Any CPU.ActiveCfg = Release|Any CPU
		{1A9D93FB-A6FD-3F3A-3490-C303A86DF86A}.Release|Any CPU.Build.0 = Release|Any CPU
		{4EE5CEA2-0726-F45D-A9A7-F521C0A137E7}.Debug|Any CPU.ActiveCfg = Debug|Any CPU
		{4EE5CEA2-0726-F45D-A9A7-F521C0A137E7}.Debug|Any CPU.Build.0 = Debug|Any CPU
		{4EE5CEA2-0726-F45D-A9A7-F521C0A137E7}.Release|Any CPU.ActiveCfg = Release|Any CPU
		{4EE5CEA2-0726-F45D-A9A7-F521C0A137E7}.Release|Any CPU.Build.0 = Release|Any CPU
		{12B0D9BD-3A2C-A5EE-C2C7-85248F0B39D3}.Debug|Any CPU.ActiveCfg = Debug|Any CPU
		{12B0D9BD-3A2C-A5EE-C2C7-85248F0B39D3}.Debug|Any CPU.Build.0 = Debug|Any CPU
		{12B0D9BD-3A2C-A5EE-C2C7-85248F0B39D3}.Release|Any CPU.ActiveCfg = Release|Any CPU
		{12B0D9BD-3A2C-A5EE-C2C7-85248F0B39D3}.Release|Any CPU.Build.0 = Release|Any CPU
		{1D722BCD-1FBC-5162-2430-EEF07B2EFAC9}.Debug|Any CPU.ActiveCfg = Debug|Any CPU
		{1D722BCD-1FBC-5162-2430-EEF07B2EFAC9}.Debug|Any CPU.Build.0 = Debug|Any CPU
		{1D722BCD-1FBC-5162-2430-EEF07B2EFAC9}.Release|Any CPU.ActiveCfg = Release|Any CPU
		{1D722BCD-1FBC-5162-2430-EEF07B2EFAC9}.Release|Any CPU.Build.0 = Release|Any CPU
		{F64D0E81-1F06-AF3B-7E07-D401F569C909}.Debug|Any CPU.ActiveCfg = Debug|Any CPU
		{F64D0E81-1F06-AF3B-7E07-D401F569C909}.Debug|Any CPU.Build.0 = Debug|Any CPU
		{F64D0E81-1F06-AF3B-7E07-D401F569C909}.Release|Any CPU.ActiveCfg = Release|Any CPU
		{F64D0E81-1F06-AF3B-7E07-D401F569C909}.Release|Any CPU.Build.0 = Release|Any CPU
	EndGlobalSection
	GlobalSection(SolutionProperties) = preSolution
		HideSolutionNode = FALSE
	EndGlobalSection
EndGlobal
